
Microsoft Visual Studio Solution File, Format Version 12.00
# Visual Studio Version 16
VisualStudioVersion = 16.0.30907.101
MinimumVisualStudioVersion = 10.0.40219.1
Project("{FAE04EC0-301F-11D3-BF4B-00C04F79EFBC}") = "ReadingIsGood.API", "ReadingIsGood.API\ReadingIsGood.API.csproj", "{DB75CCFE-F48E-42A8-8E63-7EA78DE0F741}"
EndProject
Project("{FAE04EC0-301F-11D3-BF4B-00C04F79EFBC}") = "ReadingIsGood.Domain", "ReadingIsGood.Domain\ReadingIsGood.Domain.csproj", "{F6C8F092-16F0-4503-B08B-F5057E90A5FE}"
EndProject
Project("{FAE04EC0-301F-11D3-BF4B-00C04F79EFBC}") = "ReadingIsGood.Infrastructure", "ReadingIsGood.Infrastructure\ReadingIsGood.Infrastructure.csproj", "{DF8E15AB-A64D-47F0-BE68-2859FECB6699}"
EndProject
Global
	GlobalSection(SolutionConfigurationPlatforms) = preSolution
		Debug|Any CPU = Debug|Any CPU
		Release|Any CPU = Release|Any CPU
	EndGlobalSection
	GlobalSection(ProjectConfigurationPlatforms) = postSolution
		{DB75CCFE-F48E-42A8-8E63-7EA78DE0F741}.Debug|Any CPU.ActiveCfg = Debug|Any CPU
		{DB75CCFE-F48E-42A8-8E63-7EA78DE0F741}.Debug|Any CPU.Build.0 = Debug|Any CPU
		{DB75CCFE-F48E-42A8-8E63-7EA78DE0F741}.Release|Any CPU.ActiveCfg = Release|Any CPU
		{DB75CCFE-F48E-42A8-8E63-7EA78DE0F741}.Release|Any CPU.Build.0 = Release|Any CPU
		{F6C8F092-16F0-4503-B08B-F5057E90A5FE}.Debug|Any CPU.ActiveCfg = Debug|Any CPU
		{F6C8F092-16F0-4503-B08B-F5057E90A5FE}.Debug|Any CPU.Build.0 = Debug|Any CPU
		{F6C8F092-16F0-4503-B08B-F5057E90A5FE}.Release|Any CPU.ActiveCfg = Release|Any CPU
		{F6C8F092-16F0-4503-B08B-F5057E90A5FE}.Release|Any CPU.Build.0 = Release|Any CPU
		{DF8E15AB-A64D-47F0-BE68-2859FECB6699}.Debug|Any CPU.ActiveCfg = Debug|Any CPU
		{DF8E15AB-A64D-47F0-BE68-2859FECB6699}.Debug|Any CPU.Build.0 = Debug|Any CPU
		{DF8E15AB-A64D-47F0-BE68-2859FECB6699}.Release|Any CPU.ActiveCfg = Release|Any CPU
		{DF8E15AB-A64D-47F0-BE68-2859FECB6699}.Release|Any CPU.Build.0 = Release|Any CPU
	EndGlobalSection
	GlobalSection(SolutionProperties) = preSolution
		HideSolutionNode = FALSE
	EndGlobalSection
	GlobalSection(ExtensibilityGlobals) = postSolution
		SolutionGuid = {E9BAC061-39A9-4140-94DF-3D68D70C1DA2}
	EndGlobalSection
EndGlobal
